# THIS IS AN AUTOGENERATED FILE. DO NOT EDIT THIS FILE DIRECTLY.
# yarn lockfile v1


"prettier@>= 3.9.9":
  version "3.9.9"
  resolved "https://registry.yarnpkg.com/prettier/-/prettier-3.9.9.tgz#09b826918c91cd4cbc80e0cbd1d2a922ff04f233"
  integrity sha512-Z/CJHIkdujO/OtN7nXUii0Rf3VT5SRuhjBA82Xvu2XhBUgX3nhP67T0LHceBdQLex7OOFGTox+Q5Yg8Jk2Qivg==
