# THIS IS AN AUTOGENERATED FILE. DO NOT EDIT THIS FILE DIRECTLY.
# yarn lockfile v1


"prettier@>= 3.9.8":
  version "3.9.8"
  resolved "https://registry.yarnpkg.com/prettier/-/prettier-3.9.8.tgz#54e81128584538c81d85fce9d5fd77a410c385c5"
  integrity sha512-WRFq3Wn3WId7LLROfMLdH7xaFr2jR62wU8nLO6rQUOLOxNZUviyJQs1M0iIhLexSFy+L+w0ch66wtoO2jRjG0A==
